
Microsoft Visual Studio Solution File, Format Version 12.00
# Visual Studio Version 16
VisualStudioVersion = 16.0.30204.135
MinimumVisualStudioVersion = 10.0.40219.1
Project("{9A19103F-16F7-4668-BE54-9A1E7A4F7556}") = "Api", "src\Api\Api.csproj", "{82A07128-432E-4B16-8267-877E61EC00DB}"
EndProject
Project("{9A19103F-16F7-4668-BE54-9A1E7A4F7556}") = "Api.Tests", "test\Api.Tests\Api.Tests.csproj", "{445DEC57-B745-409F-8E07-9BD9E01663DB}"
EndProject
Project("{FAE04EC0-301F-11D3-BF4B-00C04F79EFBC}") = "Dominio", "Dominio\Dominio.csproj", "{8018B1C1-2509-4A2E-97D7-3F0DD483DABB}"
EndProject
Project("{FAE04EC0-301F-11D3-BF4B-00C04F79EFBC}") = "Infra", "Infra\Infra.csproj", "{895411DD-887C-43C9-944A-865F969DA227}"
EndProject
Global
	GlobalSection(SolutionConfigurationPlatforms) = preSolution
		Debug|Any CPU = Debug|Any CPU
		Release|Any CPU = Release|Any CPU
	EndGlobalSection
	GlobalSection(ProjectConfigurationPlatforms) = postSolution
		{82A07128-432E-4B16-8267-877E61EC00DB}.Debug|Any CPU.ActiveCfg = Debug|Any CPU
		{82A07128-432E-4B16-8267-877E61EC00DB}.Debug|Any CPU.Build.0 = Debug|Any CPU
		{82A07128-432E-4B16-8267-877E61EC00DB}.Release|Any CPU.ActiveCfg = Release|Any CPU
		{82A07128-432E-4B16-8267-877E61EC00DB}.Release|Any CPU.Build.0 = Release|Any CPU
		{445DEC57-B745-409F-8E07-9BD9E01663DB}.Debug|Any CPU.ActiveCfg = Debug|Any CPU
		{445DEC57-B745-409F-8E07-9BD9E01663DB}.Debug|Any CPU.Build.0 = Debug|Any CPU
		{445DEC57-B745-409F-8E07-9BD9E01663DB}.Release|Any CPU.ActiveCfg = Release|Any CPU
		{445DEC57-B745-409F-8E07-9BD9E01663DB}.Release|Any CPU.Build.0 = Release|Any CPU
		{8018B1C1-2509-4A2E-97D7-3F0DD483DABB}.Debug|Any CPU.ActiveCfg = Debug|Any CPU
		{8018B1C1-2509-4A2E-97D7-3F0DD483DABB}.Debug|Any CPU.Build.0 = Debug|Any CPU
		{8018B1C1-2509-4A2E-97D7-3F0DD483DABB}.Release|Any CPU.ActiveCfg = Release|Any CPU
		{8018B1C1-2509-4A2E-97D7-3F0DD483DABB}.Release|Any CPU.Build.0 = Release|Any CPU
		{895411DD-887C-43C9-944A-865F969DA227}.Debug|Any CPU.ActiveCfg = Debug|Any CPU
		{895411DD-887C-43C9-944A-865F969DA227}.Debug|Any CPU.Build.0 = Debug|Any CPU
		{895411DD-887C-43C9-944A-865F969DA227}.Release|Any CPU.ActiveCfg = Release|Any CPU
		{895411DD-887C-43C9-944A-865F969DA227}.Release|Any CPU.Build.0 = Release|Any CPU
	EndGlobalSection
	GlobalSection(SolutionProperties) = preSolution
		HideSolutionNode = FALSE
	EndGlobalSection
	GlobalSection(ExtensibilityGlobals) = postSolution
		SolutionGuid = {350BF2B2-B203-44AB-94B0-CFF7D892A875}
	EndGlobalSection
EndGlobal
